# This file is automatically @generated by Cargo.
# It is not intended for manual editing.
version = 4

[[package]]
name = "nexora-shield"
version = "0.1.0"
dependencies = [
 "nexora-shield-core",
 "nexora-shield-dex",
 "nexora-shield-package",
]

[[package]]
name = "nexora-shield-core"
version = "0.1.0"
dependencies = [
 "nexora-shield-package",
]

[[package]]
name = "nexora-shield-dex"
version = "0.1.0"

[[package]]
name = "nexora-shield-package"
version = "0.1.0"
